
Microsoft Visual Studio Solution File, Format Version 12.00
# Visual Studio Version 16
VisualStudioVersion = 16.0.30907.101
MinimumVisualStudioVersion = 10.0.40219.1
Project("{FAE04EC0-301F-11D3-BF4B-00C04F79EFBC}") = "MovieQuoteApp", "MovieQuoteApp.csproj", "{4EEFE989-EEC1-401C-B94D-5728EC313A47}"
EndProject
Global
	GlobalSection(SolutionConfigurationPlatforms) = preSolution
		Debug|Any CPU = Debug|Any CPU
		Release|Any CPU = Release|Any CPU
	EndGlobalSection
	GlobalSection(ProjectConfigurationPlatforms) = postSolution
		{4EEFE989-EEC1-401C-B94D-5728EC313A47}.Debug|Any CPU.ActiveCfg = Debug|Any CPU
		{4EEFE989-EEC1-401C-B94D-5728EC313A47}.Debug|Any CPU.Build.0 = Debug|Any CPU
		{4EEFE989-EEC1-401C-B94D-5728EC313A47}.Release|Any CPU.ActiveCfg = Release|Any CPU
		{4EEFE989-EEC1-401C-B94D-5728EC313A47}.Release|Any CPU.Build.0 = Release|Any CPU
	EndGlobalSection
	GlobalSection(SolutionProperties) = preSolution
		HideSolutionNode = FALSE
	EndGlobalSection
	GlobalSection(ExtensibilityGlobals) = postSolution
		SolutionGuid = {CE7C8A50-FBCD-4C69-9A97-4D21E2B53928}
	EndGlobalSection
EndGlobal
